
Microsoft Visual Studio Solution File, Format Version 12.00
# Visual Studio Version 16
VisualStudioVersion = 16.0.31624.102
MinimumVisualStudioVersion = 10.0.40219.1
Project("{FAE04EC0-301F-11D3-BF4B-00C04F79EFBC}") = "App", "App.csproj", "{1F733AED-ED98-485C-B4DD-8902A25D0239}"
EndProject
Global
	GlobalSection(SolutionConfigurationPlatforms) = preSolution
		Debug|Any CPU = Debug|Any CPU
		Release|Any CPU = Release|Any CPU
	EndGlobalSection
	GlobalSection(ProjectConfigurationPlatforms) = postSolution
		{1F733AED-ED98-485C-B4DD-8902A25D0239}.Debug|Any CPU.ActiveCfg = Debug|Any CPU
		{1F733AED-ED98-485C-B4DD-8902A25D0239}.Debug|Any CPU.Build.0 = Debug|Any CPU
		{1F733AED-ED98-485C-B4DD-8902A25D0239}.Release|Any CPU.ActiveCfg = Release|Any CPU
		{1F733AED-ED98-485C-B4DD-8902A25D0239}.Release|Any CPU.Build.0 = Release|Any CPU
	EndGlobalSection
	GlobalSection(SolutionProperties) = preSolution
		HideSolutionNode = FALSE
	EndGlobalSection
	GlobalSection(ExtensibilityGlobals) = postSolution
		SolutionGuid = {2CD343F6-619D-4439-A284-80957FA74F7B}
	EndGlobalSection
EndGlobal
